
Microsoft Visual Studio Solution File, Format Version 12.00
# Visual Studio Version 17
VisualStudioVersion = 17.8.34525.116
MinimumVisualStudioVersion = 10.0.40219.1
Project("{FAE04EC0-301F-11D3-BF4B-00C04F79EFBC}") = "SerializedFileWatcher", "SerializedFileWatcher\SerializedFileWatcher.csproj", "{F34C62AE-3A7D-45F3-971C-8774DA661CF2}"
EndProject
Global
	GlobalSection(SolutionConfigurationPlatforms) = preSolution
		Debug|Any CPU = Debug|Any CPU
		Release|Any CPU = Release|Any CPU
	EndGlobalSection
	GlobalSection(ProjectConfigurationPlatforms) = postSolution
		{F34C62AE-3A7D-45F3-971C-8774DA661CF2}.Debug|Any CPU.ActiveCfg = Debug|Any CPU
		{F34C62AE-3A7D-45F3-971C-8774DA661CF2}.Debug|Any CPU.Build.0 = Debug|Any CPU
		{F34C62AE-3A7D-45F3-971C-8774DA661CF2}.Release|Any CPU.ActiveCfg = Release|Any CPU
		{F34C62AE-3A7D-45F3-971C-8774DA661CF2}.Release|Any CPU.Build.0 = Release|Any CPU
	EndGlobalSection
	GlobalSection(SolutionProperties) = preSolution
		HideSolutionNode = FALSE
	EndGlobalSection
	GlobalSection(ExtensibilityGlobals) = postSolution
		SolutionGuid = {1319526D-F94D-41EB-AD4C-42E5C988AA78}
	EndGlobalSection
EndGlobal
